
Microsoft Visual Studio Solution File, Format Version 12.00
# Visual Studio Version 16
VisualStudioVersion = 16.0.33328.57
MinimumVisualStudioVersion = 10.0.40219.1
Project("{9A19103F-16F7-4668-BE54-9A1E7A4F7556}") = "QuizGenerator", "QuizGenerator\QuizGenerator.csproj", "{57EAA205-3D02-4898-9D3B-134FFB1FB2D1}"
EndProject
Project("{9A19103F-16F7-4668-BE54-9A1E7A4F7556}") = "QuizGenerator.Core", "QuizGenerator.Core\QuizGenerator.Core.csproj", "{60408813-06CD-4C60-A20A-79BC95AAFE99}"
EndProject
Project("{9A19103F-16F7-4668-BE54-9A1E7A4F7556}") = "QuizGenerator.Database", "QuizGenerator.Database\QuizGenerator.Database.csproj", "{764690A7-8ACF-4617-B2DB-F2DC176590DA}"
EndProject
Global
	GlobalSection(SolutionConfigurationPlatforms) = preSolution
		Debug|Any CPU = Debug|Any CPU
		Release|Any CPU = Release|Any CPU
	EndGlobalSection
	GlobalSection(ProjectConfigurationPlatforms) = postSolution
		{57EAA205-3D02-4898-9D3B-134FFB1FB2D1}.Debug|Any CPU.ActiveCfg = Debug|Any CPU
		{57EAA205-3D02-4898-9D3B-134FFB1FB2D1}.Debug|Any CPU.Build.0 = Debug|Any CPU
		{57EAA205-3D02-4898-9D3B-134FFB1FB2D1}.Release|Any CPU.ActiveCfg = Release|Any CPU
		{57EAA205-3D02-4898-9D3B-134FFB1FB2D1}.Release|Any CPU.Build.0 = Release|Any CPU
		{60408813-06CD-4C60-A20A-79BC95AAFE99}.Debug|Any CPU.ActiveCfg = Debug|Any CPU
		{60408813-06CD-4C60-A20A-79BC95AAFE99}.Debug|Any CPU.Build.0 = Debug|Any CPU
		{60408813-06CD-4C60-A20A-79BC95AAFE99}.Release|Any CPU.ActiveCfg = Release|Any CPU
		{60408813-06CD-4C60-A20A-79BC95AAFE99}.Release|Any CPU.Build.0 = Release|Any CPU
		{764690A7-8ACF-4617-B2DB-F2DC176590DA}.Debug|Any CPU.ActiveCfg = Debug|Any CPU
		{764690A7-8ACF-4617-B2DB-F2DC176590DA}.Debug|Any CPU.Build.0 = Debug|Any CPU
		{764690A7-8ACF-4617-B2DB-F2DC176590DA}.Release|Any CPU.ActiveCfg = Release|Any CPU
		{764690A7-8ACF-4617-B2DB-F2DC176590DA}.Release|Any CPU.Build.0 = Release|Any CPU
	EndGlobalSection
	GlobalSection(SolutionProperties) = preSolution
		HideSolutionNode = FALSE
	EndGlobalSection
	GlobalSection(ExtensibilityGlobals) = postSolution
		SolutionGuid = {516B2174-B331-4629-BCD9-C487F1D542FC}
	EndGlobalSection
EndGlobal
